{
  "name": "treasury-management-hook",
  "version": "1.0.0",
  "lockfileVersion": 3,
  "requires": true,
  "packages": {
    "": {
      "name": "treasury-management-hook",
      "version": "1.0.0",
      "license": "ISC",
      "dependencies": {
        "@openzeppelin/contracts": "^5.0.1",
        "@uniswap/v4-core": "^1.0.1",
        "@uniswap/v4-periphery": "^1.0.1"
      }
    },
    "node_modules/@openzeppelin/contracts": {
      "version": "5.0.1",
      "resolved": "https://registry.npmjs.org/@openzeppelin/contracts/-/contracts-5.0.1.tgz",
      "integrity": "sha512-yQJaT5HDp9hYOOp4jTYxMsR02gdFZFXhewX5HW9Jo4fsqSVqqyIO/xTHdWDaKX5a3pv1txmf076Lziz+sO7L1w=="
    },
    "node_modules/@uniswap/v4-core": {
      "version": "1.0.1",
      "resolved": "https://registry.npmjs.org/@uniswap/v4-core/-/v4-core-1.0.1.tgz",
      "integrity": "sha512-+UITeH0s/EXJ698nKFoWX6ZW2dOnIDjhUI3AJ0Hg3v+w/Sy4JIDsgmsQSeNu1FAEc72xm4muKY6YuXu9bR2X4Q=="
    },
    "node_modules/@uniswap/v4-periphery": {
      "version": "1.0.1",
      "resolved": "https://registry.npmjs.org/@uniswap/v4-periphery/-/v4-periphery-1.0.1.tgz",
      "integrity": "sha512-/ZLz7mCLL0eTo1M0h/Lc180OYMmpUEGb0yfqZ79nsqVdZCFp0TLQstLZ/zC+ofF7SrMoeGb57p+T8hbe6MXwNw=="
    }
  }
}
